{
  "name": "disquera",
  "lockfileVersion": 2,
  "requires": true,
  "packages": {
    "": {
      "dependencies": {
        "bootstrap-sweetalert": "^1.0.1"
      }
    },
    "node_modules/bootstrap": {
      "version": "3.4.1",
      "resolved": "https://registry.npmjs.org/bootstrap/-/bootstrap-3.4.1.tgz",
      "integrity": "sha512-yN5oZVmRCwe5aKwzRj6736nSmKDX7pLYwsXiCj/EYmo16hODaBiT4En5btW/jhBF/seV+XMx3aYwukYC3A49DA==",
      "engines": {
        "node": ">=6"
      }
    },
    "node_modules/bootstrap-sweetalert": {
      "version": "1.0.1",
      "resolved": "https://registry.npmjs.org/bootstrap-sweetalert/-/bootstrap-sweetalert-1.0.1.tgz",
      "integrity": "sha512-ALaF3D4jIyw1KKKPa1LZ+S5TQe9c8YwprNnbcPeRgPHC3zgMictCDrsyDA3vy0naBv6nK6D+culHKRzWzsE6+Q==",
      "dependencies": {
        "bootstrap": "~3"
      }
    }
  },
  "dependencies": {
    "bootstrap": {
      "version": "3.4.1",
      "resolved": "https://registry.npmjs.org/bootstrap/-/bootstrap-3.4.1.tgz",
      "integrity": "sha512-yN5oZVmRCwe5aKwzRj6736nSmKDX7pLYwsXiCj/EYmo16hODaBiT4En5btW/jhBF/seV+XMx3aYwukYC3A49DA=="
    },
    "bootstrap-sweetalert": {
      "version": "1.0.1",
      "resolved": "https://registry.npmjs.org/bootstrap-sweetalert/-/bootstrap-sweetalert-1.0.1.tgz",
      "integrity": "sha512-ALaF3D4jIyw1KKKPa1LZ+S5TQe9c8YwprNnbcPeRgPHC3zgMictCDrsyDA3vy0naBv6nK6D+culHKRzWzsE6+Q==",
      "requires": {
        "bootstrap": "~3"
      }
    }
  }
}
